
Microsoft Visual Studio Solution File, Format Version 12.00
# Visual Studio Version 16
VisualStudioVersion = 16.0.29001.49
MinimumVisualStudioVersion = 10.0.40219.1
Project("{9A19103F-16F7-4668-BE54-9A1E7A4F7556}") = "AbpMvc.Domain", "src\AbpMvc.Domain\AbpMvc.Domain.csproj", "{554AD327-6DBA-4F8F-96F8-81CE7A0C863F}"
EndProject
Project("{9A19103F-16F7-4668-BE54-9A1E7A4F7556}") = "Volo.FileManagement.TestBase", "modules\Volo.FileManagement\test\Volo.FileManagement.TestBase\Volo.FileManagement.TestBase.csproj", "{180dbf8c-0cc1-4ea0-95bc-ff05bc14897d}"
EndProject
Project("{9A19103F-16F7-4668-BE54-9A1E7A4F7556}") = "Volo.FileManagement.EntityFrameworkCore.Tests", "modules\Volo.FileManagement\test\Volo.FileManagement.EntityFrameworkCore.Tests\Volo.FileManagement.EntityFrameworkCore.Tests.csproj", "{64fcedb9-577f-410c-a117-dba9da7323d6}"
EndProject
Project("{9A19103F-16F7-4668-BE54-9A1E7A4F7556}") = "Volo.FileManagement.Domain.Tests", "modules\Volo.FileManagement\test\Volo.FileManagement.Domain.Tests\Volo.FileManagement.Domain.Tests.csproj", "{c2d11087-e7ef-4d9f-8b1c-7463484c3969}"
EndProject
Project("{9A19103F-16F7-4668-BE54-9A1E7A4F7556}") = "Volo.FileManagement.Application.Tests", "modules\Volo.FileManagement\test\Volo.FileManagement.Application.Tests\Volo.FileManagement.Application.Tests.csproj", "{4f18896d-fad4-4c53-9642-d9b2121bdc58}"
EndProject
Project("{9A19103F-16F7-4668-BE54-9A1E7A4F7556}") = "Volo.FileManagement.Web", "modules\Volo.FileManagement\src\Volo.FileManagement.Web\Volo.FileManagement.Web.csproj", "{4ecdcd1f-00e6-4645-8442-bcfe9c5436ad}"
EndProject
Project("{9A19103F-16F7-4668-BE54-9A1E7A4F7556}") = "Volo.FileManagement.HttpApi.Client", "modules\Volo.FileManagement\src\Volo.FileManagement.HttpApi.Client\Volo.FileManagement.HttpApi.Client.csproj", "{64980e09-f1ce-47e3-adb9-f5d9f09d2d32}"
EndProject
Project("{9A19103F-16F7-4668-BE54-9A1E7A4F7556}") = "Volo.FileManagement.HttpApi", "modules\Volo.FileManagement\src\Volo.FileManagement.HttpApi\Volo.FileManagement.HttpApi.csproj", "{cb3fe666-f371-48da-b1ba-1f7af8c69f6e}"
EndProject
Project("{9A19103F-16F7-4668-BE54-9A1E7A4F7556}") = "Volo.FileManagement.EntityFrameworkCore", "modules\Volo.FileManagement\src\Volo.FileManagement.EntityFrameworkCore\Volo.FileManagement.EntityFrameworkCore.csproj", "{d8a5f1f5-97a5-4ab0-9d3a-373e154e0ad4}"
EndProject
Project("{9A19103F-16F7-4668-BE54-9A1E7A4F7556}") = "Volo.FileManagement.Domain.Shared", "modules\Volo.FileManagement\src\Volo.FileManagement.Domain.Shared\Volo.FileManagement.Domain.Shared.csproj", "{e95f25a6-d74d-41b1-94b7-0fd636394da4}"
EndProject
Project("{9A19103F-16F7-4668-BE54-9A1E7A4F7556}") = "Volo.FileManagement.Domain", "modules\Volo.FileManagement\src\Volo.FileManagement.Domain\Volo.FileManagement.Domain.csproj", "{6af43f48-2c1e-428e-a72f-4b50de04e55f}"
EndProject
Project("{9A19103F-16F7-4668-BE54-9A1E7A4F7556}") = "Volo.FileManagement.Application.Contracts", "modules\Volo.FileManagement\src\Volo.FileManagement.Application.Contracts\Volo.FileManagement.Application.Contracts.csproj", "{e5df24c2-9c48-46c9-aee2-be1e99243286}"
EndProject
Project("{9A19103F-16F7-4668-BE54-9A1E7A4F7556}") = "Volo.FileManagement.Application", "modules\Volo.FileManagement\src\Volo.FileManagement.Application\Volo.FileManagement.Application.csproj", "{7468a525-3625-4a6b-8e91-7e8a61b022d2}"
EndProject
Project("{2150E333-8FDC-42A3-9474-1A3956D46DE8}") = "Volo.FileManagement.Tests", "Volo.FileManagement.Tests", "{88e54b5c-2fbb-443c-88bb-5676a688f50f}"
EndProject
Project("{2150E333-8FDC-42A3-9474-1A3956D46DE8}") = "Volo.FileManagement", "Volo.FileManagement", "{1946e9c3-dafd-41bd-a129-533c198c89d4}"
EndProject
Project("{2150E333-8FDC-42A3-9474-1A3956D46DE8}") = "modules", "modules", "{81c77f53-9658-4b43-ad03-13ce217005a4}"
EndProject
Project("{9A19103F-16F7-4668-BE54-9A1E7A4F7556}") = "AbpMvc.Application", "src\AbpMvc.Application\AbpMvc.Application.csproj", "{1A94A50E-06DC-43C1-80B5-B662820EC3EB}"
EndProject
Project("{9A19103F-16F7-4668-BE54-9A1E7A4F7556}") = "AbpMvc.EntityFrameworkCore", "src\AbpMvc.EntityFrameworkCore\AbpMvc.EntityFrameworkCore.csproj", "{C956DD76-69C8-4A9C-83EA-D17DF83340FD}"
EndProject
Project("{9A19103F-16F7-4668-BE54-9A1E7A4F7556}") = "AbpMvc.Web", "src\AbpMvc.Web\AbpMvc.Web.csproj", "{068855E8-9240-4F1A-910B-CF825794513B}"
EndProject
Project("{2150E333-8FDC-42A3-9474-1A3956D46DE8}") = "src", "src", "{CA9AC87F-097E-4F15-8393-4BC07735A5B0}"
EndProject
Project("{2150E333-8FDC-42A3-9474-1A3956D46DE8}") = "test", "test", "{04DBDB01-70F4-4E06-B468-8F87850B22BE}"
EndProject
Project("{9A19103F-16F7-4668-BE54-9A1E7A4F7556}") = "AbpMvc.Application.Tests", "test\AbpMvc.Application.Tests\AbpMvc.Application.Tests.csproj", "{50B2631D-129C-47B3-A587-029CCD6099BC}"
EndProject
Project("{9A19103F-16F7-4668-BE54-9A1E7A4F7556}") = "AbpMvc.Web.Tests", "test\AbpMvc.Web.Tests\AbpMvc.Web.Tests.csproj", "{5F1B28C6-8D0C-4155-92D0-252F7EA5F674}"
EndProject
Project("{9A19103F-16F7-4668-BE54-9A1E7A4F7556}") = "AbpMvc.Domain.Shared", "src\AbpMvc.Domain.Shared\AbpMvc.Domain.Shared.csproj", "{42F719ED-8413-4895-B5B4-5AB56079BC66}"
EndProject
Project("{9A19103F-16F7-4668-BE54-9A1E7A4F7556}") = "AbpMvc.Application.Contracts", "src\AbpMvc.Application.Contracts\AbpMvc.Application.Contracts.csproj", "{520659C8-C734-4298-A3DA-B539DB9DFC0B}"
EndProject
Project("{9A19103F-16F7-4668-BE54-9A1E7A4F7556}") = "AbpMvc.HttpApi", "src\AbpMvc.HttpApi\AbpMvc.HttpApi.csproj", "{4164BDF7-F527-4E85-9CE6-E3C2D7426A27}"
EndProject
Project("{9A19103F-16F7-4668-BE54-9A1E7A4F7556}") = "AbpMvc.HttpApi.Client", "src\AbpMvc.HttpApi.Client\AbpMvc.HttpApi.Client.csproj", "{3B5A0094-670D-4BB1-BFDD-61B88A8773DC}"
EndProject
Project("{9A19103F-16F7-4668-BE54-9A1E7A4F7556}") = "AbpMvc.EntityFrameworkCore.Tests", "test\AbpMvc.EntityFrameworkCore.Tests\AbpMvc.EntityFrameworkCore.Tests.csproj", "{1FE30EB9-74A9-47F5-A9F6-7B1FAB672D81}"
EndProject
Project("{9A19103F-16F7-4668-BE54-9A1E7A4F7556}") = "AbpMvc.TestBase", "test\AbpMvc.TestBase\AbpMvc.TestBase.csproj", "{91853F21-9CD9-4132-BC29-A7D5D84FFFE7}"
EndProject
Project("{9A19103F-16F7-4668-BE54-9A1E7A4F7556}") = "AbpMvc.Domain.Tests", "test\AbpMvc.Domain.Tests\AbpMvc.Domain.Tests.csproj", "{E512F4D9-9375-480F-A2F6-A46509F9D824}"
EndProject
Project("{9A19103F-16F7-4668-BE54-9A1E7A4F7556}") = "AbpMvc.HttpApi.Client.ConsoleTestApp", "test\AbpMvc.HttpApi.Client.ConsoleTestApp\AbpMvc.HttpApi.Client.ConsoleTestApp.csproj", "{EF480016-9127-4916-8735-D2466BDBC582}"
EndProject
Project("{9A19103F-16F7-4668-BE54-9A1E7A4F7556}") = "AbpMvc.DbMigrator", "src\AbpMvc.DbMigrator\AbpMvc.DbMigrator.csproj", "{70680696-BB1E-4383-BCB2-42C3767171FB}"
EndProject
Global
	GlobalSection(SolutionConfigurationPlatforms) = preSolution
		Debug|Any CPU = Debug|Any CPU
		Release|Any CPU = Release|Any CPU
	EndGlobalSection
	GlobalSection(ProjectConfigurationPlatforms) = postSolution
		{180dbf8c-0cc1-4ea0-95bc-ff05bc14897d}.Debug|Any CPU.ActiveCfg = Debug|Any CPU
		{180dbf8c-0cc1-4ea0-95bc-ff05bc14897d}.Debug|Any CPU.Build.0 = Debug|Any CPU
		{180dbf8c-0cc1-4ea0-95bc-ff05bc14897d}.Release|Any CPU.ActiveCfg = Release|Any CPU
		{180dbf8c-0cc1-4ea0-95bc-ff05bc14897d}.Release|Any CPU.Build.0 = Release|Any CPU
		{64fcedb9-577f-410c-a117-dba9da7323d6}.Debug|Any CPU.ActiveCfg = Debug|Any CPU
		{64fcedb9-577f-410c-a117-dba9da7323d6}.Debug|Any CPU.Build.0 = Debug|Any CPU
		{64fcedb9-577f-410c-a117-dba9da7323d6}.Release|Any CPU.ActiveCfg = Release|Any CPU
		{64fcedb9-577f-410c-a117-dba9da7323d6}.Release|Any CPU.Build.0 = Release|Any CPU
		{c2d11087-e7ef-4d9f-8b1c-7463484c3969}.Debug|Any CPU.ActiveCfg = Debug|Any CPU
		{c2d11087-e7ef-4d9f-8b1c-7463484c3969}.Debug|Any CPU.Build.0 = Debug|Any CPU
		{c2d11087-e7ef-4d9f-8b1c-7463484c3969}.Release|Any CPU.ActiveCfg = Release|Any CPU
		{c2d11087-e7ef-4d9f-8b1c-7463484c3969}.Release|Any CPU.Build.0 = Release|Any CPU
		{4f18896d-fad4-4c53-9642-d9b2121bdc58}.Debug|Any CPU.ActiveCfg = Debug|Any CPU
		{4f18896d-fad4-4c53-9642-d9b2121bdc58}.Debug|Any CPU.Build.0 = Debug|Any CPU
		{4f18896d-fad4-4c53-9642-d9b2121bdc58}.Release|Any CPU.ActiveCfg = Release|Any CPU
		{4f18896d-fad4-4c53-9642-d9b2121bdc58}.Release|Any CPU.Build.0 = Release|Any CPU
		{4ecdcd1f-00e6-4645-8442-bcfe9c5436ad}.Debug|Any CPU.ActiveCfg = Debug|Any CPU
		{4ecdcd1f-00e6-4645-8442-bcfe9c5436ad}.Debug|Any CPU.Build.0 = Debug|Any CPU
		{4ecdcd1f-00e6-4645-8442-bcfe9c5436ad}.Release|Any CPU.ActiveCfg = Release|Any CPU
		{4ecdcd1f-00e6-4645-8442-bcfe9c5436ad}.Release|Any CPU.Build.0 = Release|Any CPU
		{64980e09-f1ce-47e3-adb9-f5d9f09d2d32}.Debug|Any CPU.ActiveCfg = Debug|Any CPU
		{64980e09-f1ce-47e3-adb9-f5d9f09d2d32}.Debug|Any CPU.Build.0 = Debug|Any CPU
		{64980e09-f1ce-47e3-adb9-f5d9f09d2d32}.Release|Any CPU.ActiveCfg = Release|Any CPU
		{64980e09-f1ce-47e3-adb9-f5d9f09d2d32}.Release|Any CPU.Build.0 = Release|Any CPU
		{cb3fe666-f371-48da-b1ba-1f7af8c69f6e}.Debug|Any CPU.ActiveCfg = Debug|Any CPU
		{cb3fe666-f371-48da-b1ba-1f7af8c69f6e}.Debug|Any CPU.Build.0 = Debug|Any CPU
		{cb3fe666-f371-48da-b1ba-1f7af8c69f6e}.Release|Any CPU.ActiveCfg = Release|Any CPU
		{cb3fe666-f371-48da-b1ba-1f7af8c69f6e}.Release|Any CPU.Build.0 = Release|Any CPU
		{d8a5f1f5-97a5-4ab0-9d3a-373e154e0ad4}.Debug|Any CPU.ActiveCfg = Debug|Any CPU
		{d8a5f1f5-97a5-4ab0-9d3a-373e154e0ad4}.Debug|Any CPU.Build.0 = Debug|Any CPU
		{d8a5f1f5-97a5-4ab0-9d3a-373e154e0ad4}.Release|Any CPU.ActiveCfg = Release|Any CPU
		{d8a5f1f5-97a5-4ab0-9d3a-373e154e0ad4}.Release|Any CPU.Build.0 = Release|Any CPU
		{e95f25a6-d74d-41b1-94b7-0fd636394da4}.Debug|Any CPU.ActiveCfg = Debug|Any CPU
		{e95f25a6-d74d-41b1-94b7-0fd636394da4}.Debug|Any CPU.Build.0 = Debug|Any CPU
		{e95f25a6-d74d-41b1-94b7-0fd636394da4}.Release|Any CPU.ActiveCfg = Release|Any CPU
		{e95f25a6-d74d-41b1-94b7-0fd636394da4}.Release|Any CPU.Build.0 = Release|Any CPU
		{6af43f48-2c1e-428e-a72f-4b50de04e55f}.Debug|Any CPU.ActiveCfg = Debug|Any CPU
		{6af43f48-2c1e-428e-a72f-4b50de04e55f}.Debug|Any CPU.Build.0 = Debug|Any CPU
		{6af43f48-2c1e-428e-a72f-4b50de04e55f}.Release|Any CPU.ActiveCfg = Release|Any CPU
		{6af43f48-2c1e-428e-a72f-4b50de04e55f}.Release|Any CPU.Build.0 = Release|Any CPU
		{e5df24c2-9c48-46c9-aee2-be1e99243286}.Debug|Any CPU.ActiveCfg = Debug|Any CPU
		{e5df24c2-9c48-46c9-aee2-be1e99243286}.Debug|Any CPU.Build.0 = Debug|Any CPU
		{e5df24c2-9c48-46c9-aee2-be1e99243286}.Release|Any CPU.ActiveCfg = Release|Any CPU
		{e5df24c2-9c48-46c9-aee2-be1e99243286}.Release|Any CPU.Build.0 = Release|Any CPU
		{7468a525-3625-4a6b-8e91-7e8a61b022d2}.Debug|Any CPU.ActiveCfg = Debug|Any CPU
		{7468a525-3625-4a6b-8e91-7e8a61b022d2}.Debug|Any CPU.Build.0 = Debug|Any CPU
		{7468a525-3625-4a6b-8e91-7e8a61b022d2}.Release|Any CPU.ActiveCfg = Release|Any CPU
		{7468a525-3625-4a6b-8e91-7e8a61b022d2}.Release|Any CPU.Build.0 = Release|Any CPU
		{554AD327-6DBA-4F8F-96F8-81CE7A0C863F}.Debug|Any CPU.ActiveCfg = Debug|Any CPU
		{554AD327-6DBA-4F8F-96F8-81CE7A0C863F}.Debug|Any CPU.Build.0 = Debug|Any CPU
		{554AD327-6DBA-4F8F-96F8-81CE7A0C863F}.Release|Any CPU.ActiveCfg = Release|Any CPU
		{554AD327-6DBA-4F8F-96F8-81CE7A0C863F}.Release|Any CPU.Build.0 = Release|Any CPU
		{1A94A50E-06DC-43C1-80B5-B662820EC3EB}.Debug|Any CPU.ActiveCfg = Debug|Any CPU
		{1A94A50E-06DC-43C1-80B5-B662820EC3EB}.Debug|Any CPU.Build.0 = Debug|Any CPU
		{1A94A50E-06DC-43C1-80B5-B662820EC3EB}.Release|Any CPU.ActiveCfg = Release|Any CPU
		{1A94A50E-06DC-43C1-80B5-B662820EC3EB}.Release|Any CPU.Build.0 = Release|Any CPU
		{C956DD76-69C8-4A9C-83EA-D17DF83340FD}.Debug|Any CPU.ActiveCfg = Debug|Any CPU
		{C956DD76-69C8-4A9C-83EA-D17DF83340FD}.Debug|Any CPU.Build.0 = Debug|Any CPU
		{C956DD76-69C8-4A9C-83EA-D17DF83340FD}.Release|Any CPU.ActiveCfg = Release|Any CPU
		{C956DD76-69C8-4A9C-83EA-D17DF83340FD}.Release|Any CPU.Build.0 = Release|Any CPU
		{068855E8-9240-4F1A-910B-CF825794513B}.Debug|Any CPU.ActiveCfg = Debug|Any CPU
		{068855E8-9240-4F1A-910B-CF825794513B}.Debug|Any CPU.Build.0 = Debug|Any CPU
		{068855E8-9240-4F1A-910B-CF825794513B}.Release|Any CPU.ActiveCfg = Release|Any CPU
		{068855E8-9240-4F1A-910B-CF825794513B}.Release|Any CPU.Build.0 = Release|Any CPU
		{50B2631D-129C-47B3-A587-029CCD6099BC}.Debug|Any CPU.ActiveCfg = Debug|Any CPU
		{50B2631D-129C-47B3-A587-029CCD6099BC}.Debug|Any CPU.Build.0 = Debug|Any CPU
		{50B2631D-129C-47B3-A587-029CCD6099BC}.Release|Any CPU.ActiveCfg = Release|Any CPU
		{50B2631D-129C-47B3-A587-029CCD6099BC}.Release|Any CPU.Build.0 = Release|Any CPU
		{5F1B28C6-8D0C-4155-92D0-252F7EA5F674}.Debug|Any CPU.ActiveCfg = Debug|Any CPU
		{5F1B28C6-8D0C-4155-92D0-252F7EA5F674}.Debug|Any CPU.Build.0 = Debug|Any CPU
		{5F1B28C6-8D0C-4155-92D0-252F7EA5F674}.Release|Any CPU.ActiveCfg = Release|Any CPU
		{5F1B28C6-8D0C-4155-92D0-252F7EA5F674}.Release|Any CPU.Build.0 = Release|Any CPU
		{42F719ED-8413-4895-B5B4-5AB56079BC66}.Debug|Any CPU.ActiveCfg = Debug|Any CPU
		{42F719ED-8413-4895-B5B4-5AB56079BC66}.Debug|Any CPU.Build.0 = Debug|Any CPU
		{42F719ED-8413-4895-B5B4-5AB56079BC66}.Release|Any CPU.ActiveCfg = Release|Any CPU
		{42F719ED-8413-4895-B5B4-5AB56079BC66}.Release|Any CPU.Build.0 = Release|Any CPU
		{520659C8-C734-4298-A3DA-B539DB9DFC0B}.Debug|Any CPU.ActiveCfg = Debug|Any CPU
		{520659C8-C734-4298-A3DA-B539DB9DFC0B}.Debug|Any CPU.Build.0 = Debug|Any CPU
		{520659C8-C734-4298-A3DA-B539DB9DFC0B}.Release|Any CPU.ActiveCfg = Release|Any CPU
		{520659C8-C734-4298-A3DA-B539DB9DFC0B}.Release|Any CPU.Build.0 = Release|Any CPU
		{4164BDF7-F527-4E85-9CE6-E3C2D7426A27}.Debug|Any CPU.ActiveCfg = Debug|Any CPU
		{4164BDF7-F527-4E85-9CE6-E3C2D7426A27}.Debug|Any CPU.Build.0 = Debug|Any CPU
		{4164BDF7-F527-4E85-9CE6-E3C2D7426A27}.Release|Any CPU.ActiveCfg = Release|Any CPU
		{4164BDF7-F527-4E85-9CE6-E3C2D7426A27}.Release|Any CPU.Build.0 = Release|Any CPU
		{3B5A0094-670D-4BB1-BFDD-61B88A8773DC}.Debug|Any CPU.ActiveCfg = Debug|Any CPU
		{3B5A0094-670D-4BB1-BFDD-61B88A8773DC}.Debug|Any CPU.Build.0 = Debug|Any CPU
		{3B5A0094-670D-4BB1-BFDD-61B88A8773DC}.Release|Any CPU.ActiveCfg = Release|Any CPU
		{3B5A0094-670D-4BB1-BFDD-61B88A8773DC}.Release|Any CPU.Build.0 = Release|Any CPU
		{1FE30EB9-74A9-47F5-A9F6-7B1FAB672D81}.Debug|Any CPU.ActiveCfg = Debug|Any CPU
		{1FE30EB9-74A9-47F5-A9F6-7B1FAB672D81}.Debug|Any CPU.Build.0 = Debug|Any CPU
		{1FE30EB9-74A9-47F5-A9F6-7B1FAB672D81}.Release|Any CPU.ActiveCfg = Release|Any CPU
		{1FE30EB9-74A9-47F5-A9F6-7B1FAB672D81}.Release|Any CPU.Build.0 = Release|Any CPU
		{91853F21-9CD9-4132-BC29-A7D5D84FFFE7}.Debug|Any CPU.ActiveCfg = Debug|Any CPU
		{91853F21-9CD9-4132-BC29-A7D5D84FFFE7}.Debug|Any CPU.Build.0 = Debug|Any CPU
		{91853F21-9CD9-4132-BC29-A7D5D84FFFE7}.Release|Any CPU.ActiveCfg = Release|Any CPU
		{91853F21-9CD9-4132-BC29-A7D5D84FFFE7}.Release|Any CPU.Build.0 = Release|Any CPU
		{E512F4D9-9375-480F-A2F6-A46509F9D824}.Debug|Any CPU.ActiveCfg = Debug|Any CPU
		{E512F4D9-9375-480F-A2F6-A46509F9D824}.Debug|Any CPU.Build.0 = Debug|Any CPU
		{E512F4D9-9375-480F-A2F6-A46509F9D824}.Release|Any CPU.ActiveCfg = Release|Any CPU
		{E512F4D9-9375-480F-A2F6-A46509F9D824}.Release|Any CPU.Build.0 = Release|Any CPU
		{EF480016-9127-4916-8735-D2466BDBC582}.Debug|Any CPU.ActiveCfg = Debug|Any CPU
		{EF480016-9127-4916-8735-D2466BDBC582}.Debug|Any CPU.Build.0 = Debug|Any CPU
		{EF480016-9127-4916-8735-D2466BDBC582}.Release|Any CPU.ActiveCfg = Release|Any CPU
		{EF480016-9127-4916-8735-D2466BDBC582}.Release|Any CPU.Build.0 = Release|Any CPU
		{70680696-BB1E-4383-BCB2-42C3767171FB}.Debug|Any CPU.ActiveCfg = Debug|Any CPU
		{70680696-BB1E-4383-BCB2-42C3767171FB}.Debug|Any CPU.Build.0 = Debug|Any CPU
		{70680696-BB1E-4383-BCB2-42C3767171FB}.Release|Any CPU.ActiveCfg = Release|Any CPU
		{70680696-BB1E-4383-BCB2-42C3767171FB}.Release|Any CPU.Build.0 = Release|Any CPU
	EndGlobalSection
	GlobalSection(SolutionProperties) = preSolution
		HideSolutionNode = FALSE
	EndGlobalSection
	GlobalSection(NestedProjects) = preSolution
		{180dbf8c-0cc1-4ea0-95bc-ff05bc14897d} = {88e54b5c-2fbb-443c-88bb-5676a688f50f}
		{64fcedb9-577f-410c-a117-dba9da7323d6} = {88e54b5c-2fbb-443c-88bb-5676a688f50f}
		{c2d11087-e7ef-4d9f-8b1c-7463484c3969} = {88e54b5c-2fbb-443c-88bb-5676a688f50f}
		{4f18896d-fad4-4c53-9642-d9b2121bdc58} = {88e54b5c-2fbb-443c-88bb-5676a688f50f}
		{4ecdcd1f-00e6-4645-8442-bcfe9c5436ad} = {1946e9c3-dafd-41bd-a129-533c198c89d4}
		{64980e09-f1ce-47e3-adb9-f5d9f09d2d32} = {1946e9c3-dafd-41bd-a129-533c198c89d4}
		{cb3fe666-f371-48da-b1ba-1f7af8c69f6e} = {1946e9c3-dafd-41bd-a129-533c198c89d4}
		{d8a5f1f5-97a5-4ab0-9d3a-373e154e0ad4} = {1946e9c3-dafd-41bd-a129-533c198c89d4}
		{e95f25a6-d74d-41b1-94b7-0fd636394da4} = {1946e9c3-dafd-41bd-a129-533c198c89d4}
		{6af43f48-2c1e-428e-a72f-4b50de04e55f} = {1946e9c3-dafd-41bd-a129-533c198c89d4}
		{e5df24c2-9c48-46c9-aee2-be1e99243286} = {1946e9c3-dafd-41bd-a129-533c198c89d4}
		{7468a525-3625-4a6b-8e91-7e8a61b022d2} = {1946e9c3-dafd-41bd-a129-533c198c89d4}
		{88e54b5c-2fbb-443c-88bb-5676a688f50f} = {04DBDB01-70F4-4E06-B468-8F87850B22BE}
		{1946e9c3-dafd-41bd-a129-533c198c89d4} = {81c77f53-9658-4b43-ad03-13ce217005a4}
		{554AD327-6DBA-4F8F-96F8-81CE7A0C863F} = {CA9AC87F-097E-4F15-8393-4BC07735A5B0}
		{1A94A50E-06DC-43C1-80B5-B662820EC3EB} = {CA9AC87F-097E-4F15-8393-4BC07735A5B0}
		{C956DD76-69C8-4A9C-83EA-D17DF83340FD} = {CA9AC87F-097E-4F15-8393-4BC07735A5B0}
		{068855E8-9240-4F1A-910B-CF825794513B} = {CA9AC87F-097E-4F15-8393-4BC07735A5B0}
		{50B2631D-129C-47B3-A587-029CCD6099BC} = {04DBDB01-70F4-4E06-B468-8F87850B22BE}
		{5F1B28C6-8D0C-4155-92D0-252F7EA5F674} = {04DBDB01-70F4-4E06-B468-8F87850B22BE}
		{42F719ED-8413-4895-B5B4-5AB56079BC66} = {CA9AC87F-097E-4F15-8393-4BC07735A5B0}
		{520659C8-C734-4298-A3DA-B539DB9DFC0B} = {CA9AC87F-097E-4F15-8393-4BC07735A5B0}
		{4164BDF7-F527-4E85-9CE6-E3C2D7426A27} = {CA9AC87F-097E-4F15-8393-4BC07735A5B0}
		{3B5A0094-670D-4BB1-BFDD-61B88A8773DC} = {CA9AC87F-097E-4F15-8393-4BC07735A5B0}
		{1FE30EB9-74A9-47F5-A9F6-7B1FAB672D81} = {04DBDB01-70F4-4E06-B468-8F87850B22BE}
		{91853F21-9CD9-4132-BC29-A7D5D84FFFE7} = {04DBDB01-70F4-4E06-B468-8F87850B22BE}
		{E512F4D9-9375-480F-A2F6-A46509F9D824} = {04DBDB01-70F4-4E06-B468-8F87850B22BE}
		{EF480016-9127-4916-8735-D2466BDBC582} = {04DBDB01-70F4-4E06-B468-8F87850B22BE}
		{70680696-BB1E-4383-BCB2-42C3767171FB} = {CA9AC87F-097E-4F15-8393-4BC07735A5B0}
	EndGlobalSection
	GlobalSection(ExtensibilityGlobals) = postSolution
		SolutionGuid = {A8B75D08-113F-BBFF-9996-0DAFA79B09FA}
	EndGlobalSection
EndGlobal
